
Microsoft Visual Studio Solution File, Format Version 12.00
# Visual Studio Version 17
VisualStudioVersion = 17.14.36414.22
MinimumVisualStudioVersion = 10.0.40219.1
Project("{FAE04EC0-301F-11D3-BF4B-00C04F79EFBC}") = "DemoGrpcService", "DemoGrpcService\DemoGrpcService.csproj", "{CA9981A9-B2B2-4E63-883B-17C8D73397D8}"
EndProject
Project("{FAE04EC0-301F-11D3-BF4B-00C04F79EFBC}") = "ClientApp", "ClientApp\ClientApp.csproj", "{364D3489-81B7-4B24-AD37-2B9B1DE4AFA4}"
EndProject
Global
	GlobalSection(SolutionConfigurationPlatforms) = preSolution
		Debug|Any CPU = Debug|Any CPU
		Release|Any CPU = Release|Any CPU
	EndGlobalSection
	GlobalSection(ProjectConfigurationPlatforms) = postSolution
		{CA9981A9-B2B2-4E63-883B-17C8D73397D8}.Debug|Any CPU.ActiveCfg = Debug|Any CPU
		{CA9981A9-B2B2-4E63-883B-17C8D73397D8}.Debug|Any CPU.Build.0 = Debug|Any CPU
		{CA9981A9-B2B2-4E63-883B-17C8D73397D8}.Release|Any CPU.ActiveCfg = Release|Any CPU
		{CA9981A9-B2B2-4E63-883B-17C8D73397D8}.Release|Any CPU.Build.0 = Release|Any CPU
		{364D3489-81B7-4B24-AD37-2B9B1DE4AFA4}.Debug|Any CPU.ActiveCfg = Debug|Any CPU
		{364D3489-81B7-4B24-AD37-2B9B1DE4AFA4}.Debug|Any CPU.Build.0 = Debug|Any CPU
		{364D3489-81B7-4B24-AD37-2B9B1DE4AFA4}.Release|Any CPU.ActiveCfg = Release|Any CPU
		{364D3489-81B7-4B24-AD37-2B9B1DE4AFA4}.Release|Any CPU.Build.0 = Release|Any CPU
	EndGlobalSection
	GlobalSection(SolutionProperties) = preSolution
		HideSolutionNode = FALSE
	EndGlobalSection
	GlobalSection(ExtensibilityGlobals) = postSolution
		SolutionGuid = {28A9B7B6-FEC1-46AF-BD2C-F5B38394A690}
	EndGlobalSection
EndGlobal
